{
  "name": "WikiLookup",
  "lockfileVersion": 2,
  "requires": true,
  "packages": {
    "": {
      "dependencies": {
        "wikipedia": "^2.0.0"
      }
    },
    "node_modules/camelcase": {
      "version": "4.1.0",
      "resolved": "https://registry.npmjs.org/camelcase/-/camelcase-4.1.0.tgz",
      "integrity": "sha512-FxAv7HpHrXbh3aPo4o2qxHay2lkLY3x5Mw3KeE4KQE8ysVfziWeRZDwcjauvwBSGEC/nXUPzZy8zeh4HokqOnw==",
      "engines": {
        "node": ">=4"
      }
    },
    "node_modules/infobox-parser": {
      "version": "3.6.2",
      "resolved": "https://registry.npmjs.org/infobox-parser/-/infobox-parser-3.6.2.tgz",
      "integrity": "sha512-lasdwvbtjCtDDO6mArAs/ueFEnBJRyo2UbZPAkd5rEG5NVJ3XFCOvbMwNTT/rJlFv1+ORw8D3UvZV4brpgATCg==",
      "dependencies": {
        "camelcase": "^4.1.0"
      },
      "funding": {
        "type": "individual",
        "url": "https://www.buymeacoffee.com/2tmRKi9"
      }
    },
    "node_modules/node-fetch": {
      "version": "2.6.1",
      "resolved": "https://registry.npmjs.org/node-fetch/-/node-fetch-2.6.1.tgz",
      "integrity": "sha512-V4aYg89jEoVRxRb2fJdAg8FHvI7cEyYdVAh94HH0UIK8oJxUfkjlDQN9RbMx+bEjP7+ggMiFRprSti032Oipxw==",
      "engines": {
        "node": "4.x || >=6.0.0"
      }
    },
    "node_modules/wikipedia": {
      "version": "2.0.0",
      "resolved": "https://registry.npmjs.org/wikipedia/-/wikipedia-2.0.0.tgz",
      "integrity": "sha512-2Rgs8cM1CNxANRJw2kw+RpZo6r/fuJSVYh91cHpEA7gXdDxmPBdGbmo1VZrrVaKmZrfMLaQo4BQeoVf0wRyoFQ==",
      "dependencies": {
        "infobox-parser": "^3.6.2",
        "node-fetch": "2.6.1"
      },
      "engines": {
        "node": ">=10"
      }
    }
  },
  "dependencies": {
    "camelcase": {
      "version": "4.1.0",
      "resolved": "https://registry.npmjs.org/camelcase/-/camelcase-4.1.0.tgz",
      "integrity": "sha512-FxAv7HpHrXbh3aPo4o2qxHay2lkLY3x5Mw3KeE4KQE8ysVfziWeRZDwcjauvwBSGEC/nXUPzZy8zeh4HokqOnw=="
    },
    "infobox-parser": {
      "version": "3.6.2",
      "resolved": "https://registry.npmjs.org/infobox-parser/-/infobox-parser-3.6.2.tgz",
      "integrity": "sha512-lasdwvbtjCtDDO6mArAs/ueFEnBJRyo2UbZPAkd5rEG5NVJ3XFCOvbMwNTT/rJlFv1+ORw8D3UvZV4brpgATCg==",
      "requires": {
        "camelcase": "^4.1.0"
      }
    },
    "node-fetch": {
      "version": "2.6.1",
      "resolved": "https://registry.npmjs.org/node-fetch/-/node-fetch-2.6.1.tgz",
      "integrity": "sha512-V4aYg89jEoVRxRb2fJdAg8FHvI7cEyYdVAh94HH0UIK8oJxUfkjlDQN9RbMx+bEjP7+ggMiFRprSti032Oipxw=="
    },
    "wikipedia": {
      "version": "2.0.0",
      "resolved": "https://registry.npmjs.org/wikipedia/-/wikipedia-2.0.0.tgz",
      "integrity": "sha512-2Rgs8cM1CNxANRJw2kw+RpZo6r/fuJSVYh91cHpEA7gXdDxmPBdGbmo1VZrrVaKmZrfMLaQo4BQeoVf0wRyoFQ==",
      "requires": {
        "infobox-parser": "^3.6.2",
        "node-fetch": "2.6.1"
      }
    }
  }
}
